
Microsoft Visual Studio Solution File, Format Version 12.00
# Visual Studio Version 17
VisualStudioVersion = 17.6.33829.357
MinimumVisualStudioVersion = 10.0.40219.1
Project("{FAE04EC0-301F-11D3-BF4B-00C04F79EFBC}") = "WinFormApp", "WinFormApp\WinFormApp.csproj", "{8643CBDB-5C5A-48F5-8756-156882869141}"
EndProject
Global
	GlobalSection(SolutionConfigurationPlatforms) = preSolution
		Debug|Any CPU = Debug|Any CPU
		Release|Any CPU = Release|Any CPU
	EndGlobalSection
	GlobalSection(ProjectConfigurationPlatforms) = postSolution
		{8643CBDB-5C5A-48F5-8756-156882869141}.Debug|Any CPU.ActiveCfg = Debug|Any CPU
		{8643CBDB-5C5A-48F5-8756-156882869141}.Debug|Any CPU.Build.0 = Debug|Any CPU
		{8643CBDB-5C5A-48F5-8756-156882869141}.Release|Any CPU.ActiveCfg = Release|Any CPU
		{8643CBDB-5C5A-48F5-8756-156882869141}.Release|Any CPU.Build.0 = Release|Any CPU
	EndGlobalSection
	GlobalSection(SolutionProperties) = preSolution
		HideSolutionNode = FALSE
	EndGlobalSection
	GlobalSection(ExtensibilityGlobals) = postSolution
		SolutionGuid = {50EE80E9-D50B-4389-92E3-8EB4B667D9F2}
	EndGlobalSection
EndGlobal
